{
  "name": "editor",
  "lockfileVersion": 3,
  "requires": true,
  "packages": {
    "": {
      "dependencies": {
        "dotenv": "^16.4.5",
        "marked": "^13.0.0"
      }
    },
    "node_modules/dotenv": {
      "version": "16.4.5",
      "resolved": "https://registry.npmjs.org/dotenv/-/dotenv-16.4.5.tgz",
      "integrity": "sha512-ZmdL2rui+eB2YwhsWzjInR8LldtZHGDoQ1ugH85ppHKwpUHL7j7rN0Ti9NCnGiQbhaZ11FpR+7ao1dNsmduNUg==",
      "engines": {
        "node": ">=12"
      },
      "funding": {
        "url": "https://dotenvx.com"
      }
    },
    "node_modules/marked": {
      "version": "13.0.0",
      "resolved": "https://registry.npmjs.org/marked/-/marked-13.0.0.tgz",
      "integrity": "sha512-VTeDCd9txf4KLLljUZ0nljE/Incb9SrWuueE44QVuU0pkOdh4sfCeW1Z6lPcxyDRSVY6rm8db/0OPaN75RNUmw==",
      "bin": {
        "marked": "bin/marked.js"
      },
      "engines": {
        "node": ">= 18"
      }
    }
  }
}
